{
  "requires": true,
  "lockfileVersion": 1,
  "dependencies": {
    "@angular/animations": {
      "version": "6.1.8",
      "resolved": "https://registry.npmjs.org/@angular/animations/-/animations-6.1.8.tgz",
      "integrity": "sha512-OUetZPkEfUz0o58bVmx42Jdd/ep+KcgV5xaFvRTwXI/mVbTYgODJUos7aaoyBz6J2EPB/pTA4NMyZU3XFKjDiw==",
      "requires": {
        "tslib": "^1.9.0"
      }
    },
    "@angular/material": {
      "version": "6.4.7",
      "resolved": "https://registry.npmjs.org/@angular/material/-/material-6.4.7.tgz",
      "integrity": "sha512-SdNx7Xovi24Kw9eU6lkLhY/7f2M7L9F+/uh6XuPr4jbGgCUVVpeeVI5ztZhsZRbj1sN+/r1p5w8u62apWWl5Ww==",
      "requires": {
        "parse5": "^5.0.0",
        "tslib": "^1.7.1"
      }
    },
    "parse5": {
      "version": "5.1.0",
      "resolved": "https://registry.npmjs.org/parse5/-/parse5-5.1.0.tgz",
      "integrity": "sha512-fxNG2sQjHvlVAYmzBZS9YlDp6PTSSDwa98vkD4QgVDDCAo84z5X1t5XyJQ62ImdLXx5NdIIfihey6xpum9/gRQ=="
    },
    "rxjs": {
      "version": "6.3.2",
      "resolved": "https://registry.npmjs.org/rxjs/-/rxjs-6.3.2.tgz",
      "integrity": "sha512-hV7criqbR0pe7EeL3O66UYVg92IR0XsA97+9y+BWTePK9SKmEI5Qd3Zj6uPnGkNzXsBywBQWTvujPl+1Kn9Zjw==",
      "requires": {
        "tslib": "^1.9.0"
      }
    },
    "tslib": {
      "version": "1.9.3",
      "resolved": "https://registry.npmjs.org/tslib/-/tslib-1.9.3.tgz",
      "integrity": "sha512-4krF8scpejhaOgqzBEcGM7yDIEfi0/8+8zDRZhNZZ2kjmHJ4hv3zCbQWxoJGz1iw5U0Jl0nma13xzHXcncMavQ=="
    },
    "undefined": {
      "version": "0.1.0",
      "resolved": "https://registry.npmjs.org/undefined/-/undefined-0.1.0.tgz",
      "integrity": "sha1-m3BqSzKtMMIMpP5l3cu72sMr3tA="
    }
  }
}
